
Microsoft Visual Studio Solution File, Format Version 12.00
# Visual Studio Version 17
VisualStudioVersion = 17.5.33530.505
MinimumVisualStudioVersion = 10.0.40219.1
Project("{FAE04EC0-301F-11D3-BF4B-00C04F79EFBC}") = "WorkMachine", "WorkMachine\WorkMachine.csproj", "{DD19604C-FB91-45EA-ACF8-869A8CEE40A8}"
EndProject
Global
	GlobalSection(SolutionConfigurationPlatforms) = preSolution
		Debug|Any CPU = Debug|Any CPU
		Release|Any CPU = Release|Any CPU
	EndGlobalSection
	GlobalSection(ProjectConfigurationPlatforms) = postSolution
		{DD19604C-FB91-45EA-ACF8-869A8CEE40A8}.Debug|Any CPU.ActiveCfg = Debug|Any CPU
		{DD19604C-FB91-45EA-ACF8-869A8CEE40A8}.Debug|Any CPU.Build.0 = Debug|Any CPU
		{DD19604C-FB91-45EA-ACF8-869A8CEE40A8}.Release|Any CPU.ActiveCfg = Release|Any CPU
		{DD19604C-FB91-45EA-ACF8-869A8CEE40A8}.Release|Any CPU.Build.0 = Release|Any CPU
	EndGlobalSection
	GlobalSection(SolutionProperties) = preSolution
		HideSolutionNode = FALSE
	EndGlobalSection
	GlobalSection(ExtensibilityGlobals) = postSolution
		SolutionGuid = {47717AD6-822C-4C09-8C10-BA98FDD7E61A}
	EndGlobalSection
EndGlobal
